// !$*UTF8*$!
{
	archiveVersion = 1;
	classes = {
	};
	objectVersion = 55;
	objects = {

/* Begin PBXBuildFile section */
		BE24AAEE276E940B00738D1F /* SettingsViewController.swift in Sources */ = {isa = PBXBuildFile; fileRef = BE24AAED276E940A00738D1F /* SettingsViewController.swift */; };
		BE24AAFA276EAB8F00738D1F /* Settings.storyboard in Resources */ = {isa = PBXBuildFile; fileRef = BE24AAF9276EAB8F00738D1F /* Settings.storyboard */; };
		BE24AAFF276EAC3D00738D1F /* PurchasesTotal.storyboard in Resources */ = {isa = PBXBuildFile; fileRef = BE24AAFE276EAC3D00738D1F /* PurchasesTotal.storyboard */; };
		BE24AB01276EAC6000738D1F /* PurchasesTotalViewController.swift in Sources */ = {isa = PBXBuildFile; fileRef = BE24AB00276EAC6000738D1F /* PurchasesTotalViewController.swift */; };
		BE24AB05276EAE2800738D1F /* Purchases.storyboard in Resources */ = {isa = PBXBuildFile; fileRef = BE24AB04276EAE2800738D1F /* Purchases.storyboard */; };
		BE24AB0B276EB85C00738D1F /* Form.storyboard in Resources */ = {isa = PBXBuildFile; fileRef = BE24AB0A276EB85C00738D1F /* Form.storyboard */; };
		BE6B928D276F67B9006A980F /* PurchasesViewController.swift in Sources */ = {isa = PBXBuildFile; fileRef = BE6B928C276F67B9006A980F /* PurchasesViewController.swift */; };
		BE6C282F276FE14700677D1F /* StateCoreDataService.swift in Sources */ = {isa = PBXBuildFile; fileRef = BE6C282E276FE14700677D1F /* StateCoreDataService.swift */; };
		BE6C2831276FE22200677D1F /* ProductCoreDataService.swift in Sources */ = {isa = PBXBuildFile; fileRef = BE6C2830276FE22200677D1F /* ProductCoreDataService.swift */; };
		BE6E0172276FFC8A008302A1 /* Double+Extensions.swift in Sources */ = {isa = PBXBuildFile; fileRef = BE6E0171276FFC8A008302A1 /* Double+Extensions.swift */; };
		BE6E017427700112008302A1 /* String+Extension.swift in Sources */ = {isa = PBXBuildFile; fileRef = BE6E017327700112008302A1 /* String+Extension.swift */; };
		BEB4C57E276E2E6300AD2505 /* AppDelegate.swift in Sources */ = {isa = PBXBuildFile; fileRef = BEB4C57D276E2E6300AD2505 /* AppDelegate.swift */; };
		BEB4C580276E2E6300AD2505 /* SceneDelegate.swift in Sources */ = {isa = PBXBuildFile; fileRef = BEB4C57F276E2E6300AD2505 /* SceneDelegate.swift */; };
		BEB4C585276E2E6300AD2505 /* Main.storyboard in Resources */ = {isa = PBXBuildFile; fileRef = BEB4C583276E2E6300AD2505 /* Main.storyboard */; };
		BEB4C588276E2E6300AD2505 /* RaulJulio.xcdatamodeld in Sources */ = {isa = PBXBuildFile; fileRef = BEB4C586276E2E6300AD2505 /* RaulJulio.xcdatamodeld */; };
		BEB4C58A276E2E6500AD2505 /* Assets.xcassets in Resources */ = {isa = PBXBuildFile; fileRef = BEB4C589276E2E6500AD2505 /* Assets.xcassets */; };
		BEB4C58D276E2E6500AD2505 /* LaunchScreen.storyboard in Resources */ = {isa = PBXBuildFile; fileRef = BEB4C58B276E2E6500AD2505 /* LaunchScreen.storyboard */; };
		BEB4C5A3276E349B00AD2505 /* FormViewController.swift in Sources */ = {isa = PBXBuildFile; fileRef = BEB4C5A2276E349B00AD2505 /* FormViewController.swift */; };
		BEEDB6B7276F7048008A94DA /* PurchaseDetailCell.swift in Sources */ = {isa = PBXBuildFile; fileRef = BEEDB6B6276F7048008A94DA /* PurchaseDetailCell.swift */; };
		BEEDB6B9276F770B008A94DA /* Purchases.swift in Sources */ = {isa = PBXBuildFile; fileRef = BEEDB6B8276F770B008A94DA /* Purchases.swift */; };
		BEEDB6BC276F8976008A94DA /* UIImage+Extensions.swift in Sources */ = {isa = PBXBuildFile; fileRef = BEEDB6BB276F8976008A94DA /* UIImage+Extensions.swift */; };
		BEEDB6C1276FA157008A94DA /* CoreDataManagerService.swift in Sources */ = {isa = PBXBuildFile; fileRef = BEEDB6C0276FA157008A94DA /* CoreDataManagerService.swift */; };
		BEEDB6C3276FAFCA008A94DA /* Data+Extensions.swift in Sources */ = {isa = PBXBuildFile; fileRef = BEEDB6C2276FAFCA008A94DA /* Data+Extensions.swift */; };
		BEEDB6C5276FB8E5008A94DA /* Array+Extensions.swift in Sources */ = {isa = PBXBuildFile; fileRef = BEEDB6C4276FB8E5008A94DA /* Array+Extensions.swift */; };
		BEEDB6C8276FCFE4008A94DA /* StateViewCellTableViewCell.swift in Sources */ = {isa = PBXBuildFile; fileRef = BEEDB6C7276FCFE4008A94DA /* StateViewCellTableViewCell.swift */; };
		BEEDB6CB276FD4B1008A94DA /* Settings.bundle in Resources */ = {isa = PBXBuildFile; fileRef = BEEDB6CA276FD4B1008A94DA /* Settings.bundle */; };
		BEEDB6CD276FD573008A94DA /* AppSettingsManager.swift in Sources */ = {isa = PBXBuildFile; fileRef = BEEDB6CC276FD572008A94DA /* AppSettingsManager.swift */; };
/* End PBXBuildFile section */

/* Begin PBXFileReference section */
		BE24AAED276E940A00738D1F /* SettingsViewController.swift */ = {isa = PBXFileReference; lastKnownFileType = sourcecode.swift; path = SettingsViewController.swift; sourceTree = "<group>"; };
		BE24AAF9276EAB8F00738D1F /* Settings.storyboard */ = {isa = PBXFileReference; fileEncoding = 4; lastKnownFileType = file.storyboard; path = Settings.storyboard; sourceTree = "<group>"; };
		BE24AAFE276EAC3D00738D1F /* PurchasesTotal.storyboard */ = {isa = PBXFileReference; fileEncoding = 4; lastKnownFileType = file.storyboard; path = PurchasesTotal.storyboard; sourceTree = "<group>"; };
		BE24AB00276EAC6000738D1F /* PurchasesTotalViewController.swift */ = {isa = PBXFileReference; lastKnownFileType = sourcecode.swift; path = PurchasesTotalViewController.swift; sourceTree = "<group>"; };
		BE24AB04276EAE2800738D1F /* Purchases.storyboard */ = {isa = PBXFileReference; fileEncoding = 4; lastKnownFileType = file.storyboard; path = Purchases.storyboard; sourceTree = "<group>"; };
		BE24AB0A276EB85C00738D1F /* Form.storyboard */ = {isa = PBXFileReference; fileEncoding = 4; lastKnownFileType = file.storyboard; path = Form.storyboard; sourceTree = "<group>"; };
		BE6B928C276F67B9006A980F /* PurchasesViewController.swift */ = {isa = PBXFileReference; lastKnownFileType = sourcecode.swift; path = PurchasesViewController.swift; sourceTree = "<group>"; };
		BE6C282E276FE14700677D1F /* StateCoreDataService.swift */ = {isa = PBXFileReference; lastKnownFileType = sourcecode.swift; path = StateCoreDataService.swift; sourceTree = "<group>"; };
		BE6C2830276FE22200677D1F /* ProductCoreDataService.swift */ = {isa = PBXFileReference; lastKnownFileType = sourcecode.swift; path = ProductCoreDataService.swift; sourceTree = "<group>"; };
		BE6E0171276FFC8A008302A1 /* Double+Extensions.swift */ = {isa = PBXFileReference; lastKnownFileType = sourcecode.swift; path = "Double+Extensions.swift"; sourceTree = "<group>"; };
		BE6E017327700112008302A1 /* String+Extension.swift */ = {isa = PBXFileReference; lastKnownFileType = sourcecode.swift; path = "String+Extension.swift"; sourceTree = "<group>"; };
		BEB4C57A276E2E6300AD2505 /* RaulJulio.app */ = {isa = PBXFileReference; explicitFileType = wrapper.application; includeInIndex = 0; path = RaulJulio.app; sourceTree = BUILT_PRODUCTS_DIR; };
		BEB4C57D276E2E6300AD2505 /* AppDelegate.swift */ = {isa = PBXFileReference; lastKnownFileType = sourcecode.swift; path = AppDelegate.swift; sourceTree = "<group>"; };
		BEB4C57F276E2E6300AD2505 /* SceneDelegate.swift */ = {isa = PBXFileReference; lastKnownFileType = sourcecode.swift; path = SceneDelegate.swift; sourceTree = "<group>"; };
		BEB4C584276E2E6300AD2505 /* Base */ = {isa = PBXFileReference; lastKnownFileType = file.storyboard; name = Base; path = Base.lproj/Main.storyboard; sourceTree = "<group>"; };
		BEB4C587276E2E6300AD2505 /* RaulJulio.xcdatamodel */ = {isa = PBXFileReference; lastKnownFileType = wrapper.xcdatamodel; path = RaulJulio.xcdatamodel; sourceTree = "<group>"; };
		BEB4C589276E2E6500AD2505 /* Assets.xcassets */ = {isa = PBXFileReference; lastKnownFileType = folder.assetcatalog; path = Assets.xcassets; sourceTree = "<group>"; };
		BEB4C58C276E2E6500AD2505 /* Base */ = {isa = PBXFileReference; lastKnownFileType = file.storyboard; name = Base; path = Base.lproj/LaunchScreen.storyboard; sourceTree = "<group>"; };
		BEB4C58E276E2E6500AD2505 /* Info.plist */ = {isa = PBXFileReference; lastKnownFileType = text.plist.xml; path = Info.plist; sourceTree = "<group>"; };
		BEB4C5A2276E349B00AD2505 /* FormViewController.swift */ = {isa = PBXFileReference; lastKnownFileType = sourcecode.swift; path = FormViewController.swift; sourceTree = "<group>"; };
		BEEDB6B6276F7048008A94DA /* PurchaseDetailCell.swift */ = {isa = PBXFileReference; lastKnownFileType = sourcecode.swift; path = PurchaseDetailCell.swift; sourceTree = "<group>"; };
		BEEDB6B8276F770B008A94DA /* Purchases.swift */ = {isa = PBXFileReference; lastKnownFileType = sourcecode.swift; path = Purchases.swift; sourceTree = "<group>"; };
		BEEDB6BB276F8976008A94DA /* UIImage+Extensions.swift */ = {isa = PBXFileReference; lastKnownFileType = sourcecode.swift; path = "UIImage+Extensions.swift"; sourceTree = "<group>"; };
		BEEDB6C0276FA157008A94DA /* CoreDataManagerService.swift */ = {isa = PBXFileReference; lastKnownFileType = sourcecode.swift; path = CoreDataManagerService.swift; sourceTree = "<group>"; };
		BEEDB6C2276FAFCA008A94DA /* Data+Extensions.swift */ = {isa = PBXFileReference; lastKnownFileType = sourcecode.swift; path = "Data+Extensions.swift"; sourceTree = "<group>"; };
		BEEDB6C4276FB8E5008A94DA /* Array+Extensions.swift */ = {isa = PBXFileReference; lastKnownFileType = sourcecode.swift; path = "Array+Extensions.swift"; sourceTree = "<group>"; };
		BEEDB6C7276FCFE4008A94DA /* StateViewCellTableViewCell.swift */ = {isa = PBXFileReference; lastKnownFileType = sourcecode.swift; path = StateViewCellTableViewCell.swift; sourceTree = "<group>"; };
		BEEDB6CA276FD4B1008A94DA /* Settings.bundle */ = {isa = PBXFileReference; lastKnownFileType = "wrapper.plug-in"; path = Settings.bundle; sourceTree = "<group>"; };
		BEEDB6CC276FD572008A94DA /* AppSettingsManager.swift */ = {isa = PBXFileReference; lastKnownFileType = sourcecode.swift; path = AppSettingsManager.swift; sourceTree = "<group>"; };
/* End PBXFileReference section */

/* Begin PBXFrameworksBuildPhase section */
		BEB4C577276E2E6300AD2505 /* Frameworks */ = {
			isa = PBXFrameworksBuildPhase;
			buildActionMask = 2147483647;
			files = (
			);
			runOnlyForDeploymentPostprocessing = 0;
		};
/* End PBXFrameworksBuildPhase section */

/* Begin PBXGroup section */
		BE24AAEB276E93E100738D1F /* Settings */ = {
			isa = PBXGroup;
			children = (
				BEEDB6C6276FCFCC008A94DA /* Cell */,
				BE24AAF8276EAB5400738D1F /* View */,
				BE24AAEC276E93EE00738D1F /* Controller */,
			);
			path = Settings;
			sourceTree = "<group>";
		};
		BE24AAEC276E93EE00738D1F /* Controller */ = {
			isa = PBXGroup;
			children = (
				BE24AAED276E940A00738D1F /* SettingsViewController.swift */,
			);
			path = Controller;
			sourceTree = "<group>";
		};
		BE24AAF2276E958D00738D1F /* Files */ = {
			isa = PBXGroup;
			children = (
				BEB4C586276E2E6300AD2505 /* RaulJulio.xcdatamodeld */,
			);
			path = Files;
			sourceTree = "<group>";
		};
		BE24AAF8276EAB5400738D1F /* View */ = {
			isa = PBXGroup;
			children = (
				BE24AAF9276EAB8F00738D1F /* Settings.storyboard */,
			);
			path = View;
			sourceTree = "<group>";
		};
		BE24AAFB276EABB500738D1F /* PurchasesTotal */ = {
			isa = PBXGroup;
			children = (
				BE24AAFD276EABE900738D1F /* View */,
				BE24AAFC276EABDF00738D1F /* Controller */,
			);
			path = PurchasesTotal;
			sourceTree = "<group>";
		};
		BE24AAFC276EABDF00738D1F /* Controller */ = {
			isa = PBXGroup;
			children = (
				BE24AB00276EAC6000738D1F /* PurchasesTotalViewController.swift */,
			);
			path = Controller;
			sourceTree = "<group>";
		};
		BE24AAFD276EABE900738D1F /* View */ = {
			isa = PBXGroup;
			children = (
				BE24AAFE276EAC3D00738D1F /* PurchasesTotal.storyboard */,
			);
			path = View;
			sourceTree = "<group>";
		};
		BE24AB07276EB7A400738D1F /* Form */ = {
			isa = PBXGroup;
			children = (
				BE24AB09276EB7BE00738D1F /* View */,
				BE24AB08276EB7B400738D1F /* Controller */,
			);
			path = Form;
			sourceTree = "<group>";
		};
		BE24AB08276EB7B400738D1F /* Controller */ = {
			isa = PBXGroup;
			children = (
				BEB4C5A2276E349B00AD2505 /* FormViewController.swift */,
			);
			path = Controller;
			sourceTree = "<group>";
		};
		BE24AB09276EB7BE00738D1F /* View */ = {
			isa = PBXGroup;
			children = (
				BE24AB0A276EB85C00738D1F /* Form.storyboard */,
			);
			path = View;
			sourceTree = "<group>";
		};
		BE6B9289276F6636006A980F /* Purchases */ = {
			isa = PBXGroup;
			children = (
				BEEDB6B5276F7037008A94DA /* Cell */,
				BE24AB04276EAE2800738D1F /* Purchases.storyboard */,
				BE6B928C276F67B9006A980F /* PurchasesViewController.swift */,
				BEEDB6B8276F770B008A94DA /* Purchases.swift */,
			);
			path = Purchases;
			sourceTree = "<group>";
		};
		BEB4C571276E2E6300AD2505 = {
			isa = PBXGroup;
			children = (
				BEB4C57C276E2E6300AD2505 /* RaulJulio */,
				BEB4C57B276E2E6300AD2505 /* Products */,
			);
			sourceTree = "<group>";
		};
		BEB4C57B276E2E6300AD2505 /* Products */ = {
			isa = PBXGroup;
			children = (
				BEB4C57A276E2E6300AD2505 /* RaulJulio.app */,
			);
			name = Products;
			sourceTree = "<group>";
		};
		BEB4C57C276E2E6300AD2505 /* RaulJulio */ = {
			isa = PBXGroup;
			children = (
				BEEDB6C9276FD486008A94DA /* AppSettings */,
				BEEDB6BF276FA120008A94DA /* CoreDataManager */,
				BEEDB6BA276F8961008A94DA /* Extensions */,
				BE6B9289276F6636006A980F /* Purchases */,
				BEB4C594276E2F2000AD2505 /* Main */,
				BE24AB07276EB7A400738D1F /* Form */,
				BE24AAEB276E93E100738D1F /* Settings */,
				BE24AAFB276EABB500738D1F /* PurchasesTotal */,
				BE24AAF2276E958D00738D1F /* Files */,
				BEB4C589276E2E6500AD2505 /* Assets.xcassets */,
				BEB4C58B276E2E6500AD2505 /* LaunchScreen.storyboard */,
				BEB4C58E276E2E6500AD2505 /* Info.plist */,
			);
			path = RaulJulio;
			sourceTree = "<group>";
		};
		BEB4C594276E2F2000AD2505 /* Main */ = {
			isa = PBXGroup;
			children = (
				BEB4C583276E2E6300AD2505 /* Main.storyboard */,
				BEB4C57F276E2E6300AD2505 /* SceneDelegate.swift */,
				BEB4C57D276E2E6300AD2505 /* AppDelegate.swift */,
			);
			path = Main;
			sourceTree = "<group>";
		};
		BEEDB6B5276F7037008A94DA /* Cell */ = {
			isa = PBXGroup;
			children = (
				BEEDB6B6276F7048008A94DA /* PurchaseDetailCell.swift */,
			);
			path = Cell;
			sourceTree = "<group>";
		};
		BEEDB6BA276F8961008A94DA /* Extensions */ = {
			isa = PBXGroup;
			children = (
				BEEDB6C2276FAFCA008A94DA /* Data+Extensions.swift */,
				BEEDB6BB276F8976008A94DA /* UIImage+Extensions.swift */,
				BEEDB6C4276FB8E5008A94DA /* Array+Extensions.swift */,
				BE6E0171276FFC8A008302A1 /* Double+Extensions.swift */,
				BE6E017327700112008302A1 /* String+Extension.swift */,
			);
			path = Extensions;
			sourceTree = "<group>";
		};
		BEEDB6BF276FA120008A94DA /* CoreDataManager */ = {
			isa = PBXGroup;
			children = (
				BEEDB6C0276FA157008A94DA /* CoreDataManagerService.swift */,
				BE6C282E276FE14700677D1F /* StateCoreDataService.swift */,
				BE6C2830276FE22200677D1F /* ProductCoreDataService.swift */,
			);
			path = CoreDataManager;
			sourceTree = "<group>";
		};
		BEEDB6C6276FCFCC008A94DA /* Cell */ = {
			isa = PBXGroup;
			children = (
				BEEDB6C7276FCFE4008A94DA /* StateViewCellTableViewCell.swift */,
			);
			path = Cell;
			sourceTree = "<group>";
		};
		BEEDB6C9276FD486008A94DA /* AppSettings */ = {
			isa = PBXGroup;
			children = (
				BEEDB6CA276FD4B1008A94DA /* Settings.bundle */,
				BEEDB6CC276FD572008A94DA /* AppSettingsManager.swift */,
			);
			path = AppSettings;
			sourceTree = "<group>";
		};
/* End PBXGroup section */

/* Begin PBXNativeTarget section */
		BEB4C579276E2E6300AD2505 /* RaulJulio */ = {
			isa = PBXNativeTarget;
			buildConfigurationList = BEB4C591276E2E6500AD2505 /* Build configuration list for PBXNativeTarget "RaulJulio" */;
			buildPhases = (
				BEB4C576276E2E6300AD2505 /* Sources */,
				BEB4C577276E2E6300AD2505 /* Frameworks */,
				BEB4C578276E2E6300AD2505 /* Resources */,
			);
			buildRules = (
			);
			dependencies = (
			);
			name = RaulJulio;
			productName = RaulJulio;
			productReference = BEB4C57A276E2E6300AD2505 /* RaulJulio.app */;
			productType = "com.apple.product-type.application";
		};
/* End PBXNativeTarget section */

/* Begin PBXProject section */
		BEB4C572276E2E6300AD2505 /* Project object */ = {
			isa = PBXProject;
			attributes = {
				BuildIndependentTargetsInParallel = 1;
				LastSwiftUpdateCheck = 1310;
				LastUpgradeCheck = 1310;
				TargetAttributes = {
					BEB4C579276E2E6300AD2505 = {
						CreatedOnToolsVersion = 13.1;
					};
				};
			};
			buildConfigurationList = BEB4C575276E2E6300AD2505 /* Build configuration list for PBXProject "RaulJulio" */;
			compatibilityVersion = "Xcode 13.0";
			developmentRegion = en;
			hasScannedForEncodings = 0;
			knownRegions = (
				en,
				Base,
			);
			mainGroup = BEB4C571276E2E6300AD2505;
			productRefGroup = BEB4C57B276E2E6300AD2505 /* Products */;
			projectDirPath = "";
			projectRoot = "";
			targets = (
				BEB4C579276E2E6300AD2505 /* RaulJulio */,
			);
		};
/* End PBXProject section */

/* Begin PBXResourcesBuildPhase section */
		BEB4C578276E2E6300AD2505 /* Resources */ = {
			isa = PBXResourcesBuildPhase;
			buildActionMask = 2147483647;
			files = (
				BEEDB6CB276FD4B1008A94DA /* Settings.bundle in Resources */,
				BE24AAFF276EAC3D00738D1F /* PurchasesTotal.storyboard in Resources */,
				BEB4C58D276E2E6500AD2505 /* LaunchScreen.storyboard in Resources */,
				BEB4C58A276E2E6500AD2505 /* Assets.xcassets in Resources */,
				BEB4C585276E2E6300AD2505 /* Main.storyboard in Resources */,
				BE24AB0B276EB85C00738D1F /* Form.storyboard in Resources */,
				BE24AB05276EAE2800738D1F /* Purchases.storyboard in Resources */,
				BE24AAFA276EAB8F00738D1F /* Settings.storyboard in Resources */,
			);
			runOnlyForDeploymentPostprocessing = 0;
		};
/* End PBXResourcesBuildPhase section */

/* Begin PBXSourcesBuildPhase section */
		BEB4C576276E2E6300AD2505 /* Sources */ = {
			isa = PBXSourcesBuildPhase;
			buildActionMask = 2147483647;
			files = (
				BE24AB01276EAC6000738D1F /* PurchasesTotalViewController.swift in Sources */,
				BEB4C5A3276E349B00AD2505 /* FormViewController.swift in Sources */,
				BEB4C588276E2E6300AD2505 /* RaulJulio.xcdatamodeld in Sources */,
				BE6E017427700112008302A1 /* String+Extension.swift in Sources */,
				BEB4C57E276E2E6300AD2505 /* AppDelegate.swift in Sources */,
				BE6B928D276F67B9006A980F /* PurchasesViewController.swift in Sources */,
				BE6C2831276FE22200677D1F /* ProductCoreDataService.swift in Sources */,
				BEEDB6B9276F770B008A94DA /* Purchases.swift in Sources */,
				BEEDB6C3276FAFCA008A94DA /* Data+Extensions.swift in Sources */,
				BEB4C580276E2E6300AD2505 /* SceneDelegate.swift in Sources */,
				BEEDB6C5276FB8E5008A94DA /* Array+Extensions.swift in Sources */,
				BEEDB6BC276F8976008A94DA /* UIImage+Extensions.swift in Sources */,
				BE24AAEE276E940B00738D1F /* SettingsViewController.swift in Sources */,
				BE6E0172276FFC8A008302A1 /* Double+Extensions.swift in Sources */,
				BEEDB6C8276FCFE4008A94DA /* StateViewCellTableViewCell.swift in Sources */,
				BEEDB6C1276FA157008A94DA /* CoreDataManagerService.swift in Sources */,
				BEEDB6CD276FD573008A94DA /* AppSettingsManager.swift in Sources */,
				BE6C282F276FE14700677D1F /* StateCoreDataService.swift in Sources */,
				BEEDB6B7276F7048008A94DA /* PurchaseDetailCell.swift in Sources */,
			);
			runOnlyForDeploymentPostprocessing = 0;
		};
/* End PBXSourcesBuildPhase section */

/* Begin PBXVariantGroup section */
		BEB4C583276E2E6300AD2505 /* Main.storyboard */ = {
			isa = PBXVariantGroup;
			children = (
				BEB4C584276E2E6300AD2505 /* Base */,
			);
			name = Main.storyboard;
			sourceTree = "<group>";
		};
		BEB4C58B276E2E6500AD2505 /* LaunchScreen.storyboard */ = {
			isa = PBXVariantGroup;
			children = (
				BEB4C58C276E2E6500AD2505 /* Base */,
			);
			name = LaunchScreen.storyboard;
			sourceTree = "<group>";
		};
/* End PBXVariantGroup section */

/* Begin XCBuildConfiguration section */
		BEB4C58F276E2E6500AD2505 /* Debug */ = {
			isa = XCBuildConfiguration;
			buildSettings = {
				ALWAYS_SEARCH_USER_PATHS = NO;
				CLANG_ANALYZER_NONNULL = YES;
				CLANG_ANALYZER_NUMBER_OBJECT_CONVERSION = YES_AGGRESSIVE;
				CLANG_CXX_LANGUAGE_STANDARD = "gnu++17";
				CLANG_CXX_LIBRARY = "libc++";
				CLANG_ENABLE_MODULES = YES;
				CLANG_ENABLE_OBJC_ARC = YES;
				CLANG_ENABLE_OBJC_WEAK = YES;
				CLANG_WARN_BLOCK_CAPTURE_AUTORELEASING = YES;
				CLANG_WARN_BOOL_CONVERSION = YES;
				CLANG_WARN_COMMA = YES;
				CLANG_WARN_CONSTANT_CONVERSION = YES;
				CLANG_WARN_DEPRECATED_OBJC_IMPLEMENTATIONS = YES;
				CLANG_WARN_DIRECT_OBJC_ISA_USAGE = YES_ERROR;
				CLANG_WARN_DOCUMENTATION_COMMENTS = YES;
				CLANG_WARN_EMPTY_BODY = YES;
				CLANG_WARN_ENUM_CONVERSION = YES;
				CLANG_WARN_INFINITE_RECURSION = YES;
				CLANG_WARN_INT_CONVERSION = YES;
				CLANG_WARN_NON_LITERAL_NULL_CONVERSION = YES;
				CLANG_WARN_OBJC_IMPLICIT_RETAIN_SELF = YES;
				CLANG_WARN_OBJC_LITERAL_CONVERSION = YES;
				CLANG_WARN_OBJC_ROOT_CLASS = YES_ERROR;
				CLANG_WARN_QUOTED_INCLUDE_IN_FRAMEWORK_HEADER = YES;
				CLANG_WARN_RANGE_LOOP_ANALYSIS = YES;
				CLANG_WARN_STRICT_PROTOTYPES = YES;
				CLANG_WARN_SUSPICIOUS_MOVE = YES;
				CLANG_WARN_UNGUARDED_AVAILABILITY = YES_AGGRESSIVE;
				CLANG_WARN_UNREACHABLE_CODE = YES;
				CLANG_WARN__DUPLICATE_METHOD_MATCH = YES;
				COPY_PHASE_STRIP = NO;
				DEBUG_INFORMATION_FORMAT = dwarf;
				ENABLE_STRICT_OBJC_MSGSEND = YES;
				ENABLE_TESTABILITY = YES;
				GCC_C_LANGUAGE_STANDARD = gnu11;
				GCC_DYNAMIC_NO_PIC = NO;
				GCC_NO_COMMON_BLOCKS = YES;
				GCC_OPTIMIZATION_LEVEL = 0;
				GCC_PREPROCESSOR_DEFINITIONS = (
					"DEBUG=1",
					"$(inherited)",
				);
				GCC_WARN_64_TO_32_BIT_CONVERSION = YES;
				GCC_WARN_ABOUT_RETURN_TYPE = YES_ERROR;
				GCC_WARN_UNDECLARED_SELECTOR = YES;
				GCC_WARN_UNINITIALIZED_AUTOS = YES_AGGRESSIVE;
				GCC_WARN_UNUSED_FUNCTION = YES;
				GCC_WARN_UNUSED_VARIABLE = YES;
				IPHONEOS_DEPLOYMENT_TARGET = 15.0;
				MTL_ENABLE_DEBUG_INFO = INCLUDE_SOURCE;
				MTL_FAST_MATH = YES;
				ONLY_ACTIVE_ARCH = YES;
				SDKROOT = iphoneos;
				SWIFT_ACTIVE_COMPILATION_CONDITIONS = DEBUG;
				SWIFT_OPTIMIZATION_LEVEL = "-Onone";
			};
			name = Debug;
		};
		BEB4C590276E2E6500AD2505 /* Release */ = {
			isa = XCBuildConfiguration;
			buildSettings = {
				ALWAYS_SEARCH_USER_PATHS = NO;
				CLANG_ANALYZER_NONNULL = YES;
				CLANG_ANALYZER_NUMBER_OBJECT_CONVERSION = YES_AGGRESSIVE;
				CLANG_CXX_LANGUAGE_STANDARD = "gnu++17";
				CLANG_CXX_LIBRARY = "libc++";
				CLANG_ENABLE_MODULES = YES;
				CLANG_ENABLE_OBJC_ARC = YES;
				CLANG_ENABLE_OBJC_WEAK = YES;
				CLANG_WARN_BLOCK_CAPTURE_AUTORELEASING = YES;
				CLANG_WARN_BOOL_CONVERSION = YES;
				CLANG_WARN_COMMA = YES;
				CLANG_WARN_CONSTANT_CONVERSION = YES;
				CLANG_WARN_DEPRECATED_OBJC_IMPLEMENTATIONS = YES;
				CLANG_WARN_DIRECT_OBJC_ISA_USAGE = YES_ERROR;
				CLANG_WARN_DOCUMENTATION_COMMENTS = YES;
				CLANG_WARN_EMPTY_BODY = YES;
				CLANG_WARN_ENUM_CONVERSION = YES;
				CLANG_WARN_INFINITE_RECURSION = YES;
				CLANG_WARN_INT_CONVERSION = YES;
				CLANG_WARN_NON_LITERAL_NULL_CONVERSION = YES;
				CLANG_WARN_OBJC_IMPLICIT_RETAIN_SELF = YES;
				CLANG_WARN_OBJC_LITERAL_CONVERSION = YES;
				CLANG_WARN_OBJC_ROOT_CLASS = YES_ERROR;
				CLANG_WARN_QUOTED_INCLUDE_IN_FRAMEWORK_HEADER = YES;
				CLANG_WARN_RANGE_LOOP_ANALYSIS = YES;
				CLANG_WARN_STRICT_PROTOTYPES = YES;
				CLANG_WARN_SUSPICIOUS_MOVE = YES;
				CLANG_WARN_UNGUARDED_AVAILABILITY = YES_AGGRESSIVE;
				CLANG_WARN_UNREACHABLE_CODE = YES;
				CLANG_WARN__DUPLICATE_METHOD_MATCH = YES;
				COPY_PHASE_STRIP = NO;
				DEBUG_INFORMATION_FORMAT = "dwarf-with-dsym";
				ENABLE_NS_ASSERTIONS = NO;
				ENABLE_STRICT_OBJC_MSGSEND = YES;
				GCC_C_LANGUAGE_STANDARD = gnu11;
				GCC_NO_COMMON_BLOCKS = YES;
				GCC_WARN_64_TO_32_BIT_CONVERSION = YES;
				GCC_WARN_ABOUT_RETURN_TYPE = YES_ERROR;
				GCC_WARN_UNDECLARED_SELECTOR = YES;
				GCC_WARN_UNINITIALIZED_AUTOS = YES_AGGRESSIVE;
				GCC_WARN_UNUSED_FUNCTION = YES;
				GCC_WARN_UNUSED_VARIABLE = YES;
				IPHONEOS_DEPLOYMENT_TARGET = 15.0;
				MTL_ENABLE_DEBUG_INFO = NO;
				MTL_FAST_MATH = YES;
				SDKROOT = iphoneos;
				SWIFT_COMPILATION_MODE = wholemodule;
				SWIFT_OPTIMIZATION_LEVEL = "-O";
				VALIDATE_PRODUCT = YES;
			};
			name = Release;
		};
		BEB4C592276E2E6500AD2505 /* Debug */ = {
			isa = XCBuildConfiguration;
			buildSettings = {
				ASSETCATALOG_COMPILER_APPICON_NAME = AppIcon;
				ASSETCATALOG_COMPILER_GLOBAL_ACCENT_COLOR_NAME = AccentColor;
				CODE_SIGN_STYLE = Automatic;
				CURRENT_PROJECT_VERSION = 1;
				DEVELOPMENT_TEAM = JAAGR6G7RV;
				GENERATE_INFOPLIST_FILE = YES;
				INFOPLIST_FILE = RaulJulio/Info.plist;
				INFOPLIST_KEY_CFBundleDisplayName = ComprasUSA;
				INFOPLIST_KEY_UIApplicationSupportsIndirectInputEvents = YES;
				INFOPLIST_KEY_UILaunchStoryboardName = LaunchScreen;
				INFOPLIST_KEY_UIMainStoryboardFile = Main;
				INFOPLIST_KEY_UISupportedInterfaceOrientations = UIInterfaceOrientationPortrait;
				INFOPLIST_KEY_UISupportedInterfaceOrientations_iPad = "UIInterfaceOrientationPortrait UIInterfaceOrientationPortraitUpsideDown UIInterfaceOrientationLandscapeLeft UIInterfaceOrientationLandscapeRight";
				INFOPLIST_KEY_UISupportedInterfaceOrientations_iPhone = "UIInterfaceOrientationPortrait UIInterfaceOrientationLandscapeLeft UIInterfaceOrientationLandscapeRight";
				LD_RUNPATH_SEARCH_PATHS = (
					"$(inherited)",
					"@executable_path/Frameworks",
				);
				MARKETING_VERSION = 1.0;
				PRODUCT_BUNDLE_IDENTIFIER = br.com.playseven.RaulJulio;
				PRODUCT_NAME = "$(TARGET_NAME)";
				SWIFT_EMIT_LOC_STRINGS = YES;
				SWIFT_VERSION = 5.0;
				TARGETED_DEVICE_FAMILY = 1;
			};
			name = Debug;
		};
		BEB4C593276E2E6500AD2505 /* Release */ = {
			isa = XCBuildConfiguration;
			buildSettings = {
				ASSETCATALOG_COMPILER_APPICON_NAME = AppIcon;
				ASSETCATALOG_COMPILER_GLOBAL_ACCENT_COLOR_NAME = AccentColor;
				CODE_SIGN_STYLE = Automatic;
				CURRENT_PROJECT_VERSION = 1;
				DEVELOPMENT_TEAM = JAAGR6G7RV;
				GENERATE_INFOPLIST_FILE = YES;
				INFOPLIST_FILE = RaulJulio/Info.plist;
				INFOPLIST_KEY_CFBundleDisplayName = ComprasUSA;
				INFOPLIST_KEY_UIApplicationSupportsIndirectInputEvents = YES;
				INFOPLIST_KEY_UILaunchStoryboardName = LaunchScreen;
				INFOPLIST_KEY_UIMainStoryboardFile = Main;
				INFOPLIST_KEY_UISupportedInterfaceOrientations = UIInterfaceOrientationPortrait;
				INFOPLIST_KEY_UISupportedInterfaceOrientations_iPad = "UIInterfaceOrientationPortrait UIInterfaceOrientationPortraitUpsideDown UIInterfaceOrientationLandscapeLeft UIInterfaceOrientationLandscapeRight";
				INFOPLIST_KEY_UISupportedInterfaceOrientations_iPhone = "UIInterfaceOrientationPortrait UIInterfaceOrientationLandscapeLeft UIInterfaceOrientationLandscapeRight";
				LD_RUNPATH_SEARCH_PATHS = (
					"$(inherited)",
					"@executable_path/Frameworks",
				);
				MARKETING_VERSION = 1.0;
				PRODUCT_BUNDLE_IDENTIFIER = br.com.playseven.RaulJulio;
				PRODUCT_NAME = "$(TARGET_NAME)";
				SWIFT_EMIT_LOC_STRINGS = YES;
				SWIFT_VERSION = 5.0;
				TARGETED_DEVICE_FAMILY = 1;
			};
			name = Release;
		};
/* End XCBuildConfiguration section */

/* Begin XCConfigurationList section */
		BEB4C575276E2E6300AD2505 /* Build configuration list for PBXProject "RaulJulio" */ = {
			isa = XCConfigurationList;
			buildConfigurations = (
				BEB4C58F276E2E6500AD2505 /* Debug */,
				BEB4C590276E2E6500AD2505 /* Release */,
			);
			defaultConfigurationIsVisible = 0;
			defaultConfigurationName = Release;
		};
		BEB4C591276E2E6500AD2505 /* Build configuration list for PBXNativeTarget "RaulJulio" */ = {
			isa = XCConfigurationList;
			buildConfigurations = (
				BEB4C592276E2E6500AD2505 /* Debug */,
				BEB4C593276E2E6500AD2505 /* Release */,
			);
			defaultConfigurationIsVisible = 0;
			defaultConfigurationName = Release;
		};
/* End XCConfigurationList section */

/* Begin XCVersionGroup section */
		BEB4C586276E2E6300AD2505 /* RaulJulio.xcdatamodeld */ = {
			isa = XCVersionGroup;
			children = (
				BEB4C587276E2E6300AD2505 /* RaulJulio.xcdatamodel */,
			);
			currentVersion = BEB4C587276E2E6300AD2505 /* RaulJulio.xcdatamodel */;
			path = RaulJulio.xcdatamodeld;
			sourceTree = "<group>";
			versionGroupType = wrapper.xcdatamodel;
		};
/* End XCVersionGroup section */
	};
	rootObject = BEB4C572276E2E6300AD2505 /* Project object */;
}
